{
  "name": "blinkr",
  "version": "0.1.0",
  "lockfileVersion": 3,
  "requires": true,
  "packages": {
    "": {
      "name": "blinkr",
      "version": "0.1.0",
      "dependencies": {
        "@rebble/clay": "^1.0.10"
      }
    },
    "node_modules/@rebble/clay": {
      "version": "1.0.10",
      "license": "MIT"
    }
  }
}
